
Microsoft Visual Studio Solution File, Format Version 12.00
# Visual Studio Version 17
VisualStudioVersion = 17.9.34701.34
MinimumVisualStudioVersion = 10.0.40219.1
Project("{FAE04EC0-301F-11D3-BF4B-00C04F79EFBC}") = "BeautyBoutiquePOS-TransactionsPage", "BeautyBoutiquePOS-TransactionsPage\BeautyBoutiquePOS-TransactionsPage.csproj", "{1BB181BC-0A2F-4C20-BA72-B94D866D4940}"
EndProject
Project("{2150E333-8FDC-42A3-9474-1A3956D46DE8}") = "Solution Items", "Solution Items", "{186FE561-CD79-4B0B-97D6-FA244004493D}"
	ProjectSection(SolutionItems) = preProject
		D:\NSBM Academic\Beauty Boutique\logo.png = D:\NSBM Academic\Beauty Boutique\logo.png
	EndProjectSection
EndProject
Global
	GlobalSection(SolutionConfigurationPlatforms) = preSolution
		Debug|Any CPU = Debug|Any CPU
		Release|Any CPU = Release|Any CPU
	EndGlobalSection
	GlobalSection(ProjectConfigurationPlatforms) = postSolution
		{1BB181BC-0A2F-4C20-BA72-B94D866D4940}.Debug|Any CPU.ActiveCfg = Debug|Any CPU
		{1BB181BC-0A2F-4C20-BA72-B94D866D4940}.Debug|Any CPU.Build.0 = Debug|Any CPU
		{1BB181BC-0A2F-4C20-BA72-B94D866D4940}.Release|Any CPU.ActiveCfg = Release|Any CPU
		{1BB181BC-0A2F-4C20-BA72-B94D866D4940}.Release|Any CPU.Build.0 = Release|Any CPU
	EndGlobalSection
	GlobalSection(SolutionProperties) = preSolution
		HideSolutionNode = FALSE
	EndGlobalSection
	GlobalSection(ExtensibilityGlobals) = postSolution
		SolutionGuid = {0FBBB623-6FE0-4E8B-BE72-7F2E87F888CE}
	EndGlobalSection
EndGlobal
